<?xml version="1.0" encoding="utf-8"?>
<Project ToolsVersion="4.0" xmlns="http://schemas.microsoft.com/developer/msbuild/2003">
  <ItemGroup>
    <Filter Include="Source Files">
      <UniqueIdentifier>{4FC737F1-C7A5-4376-A066-2A32D752A2FF}</UniqueIdentifier>
      <Extensions>cpp;c;cc;cxx;def;odl;idl;hpj;bat;asm;asmx</Extensions>
    </Filter>
    <Filter Include="Header Files">
      <UniqueIdentifier>{93995380-89BD-4b04-88EB-625FBE52EBFB}</UniqueIdentifier>
      <Extensions>h;hpp;hxx;hm;inl;inc;xsd</Extensions>
    </Filter>
    <Filter Include="Resource Files">
      <UniqueIdentifier>{67DA6AB6-F800-4c08-8B7A-83BB121AAD01}</UniqueIdentifier>
      <Extensions>rc;ico;cur;bmp;dlg;rc2;rct;bin;rgs;gif;jpg;jpeg;jpe;resx;tiff;tif;png;wav;mfcribbon-ms</Extensions>
    </Filter>
    <Filter Include="Header Files\inject">
      <UniqueIdentifier>{881d12aa-c138-40c8-9f24-6d85a41ed82f}</UniqueIdentifier>
    </Filter>
    <Filter Include="Source Files\inject">
      <UniqueIdentifier>{bda3ff53-6d1a-44d1-8ea9-748604488cf4}</UniqueIdentifier>
    </Filter>
  </ItemGroup>
  <ItemGroup>
    <ClCompile Include="main.cpp">
      <Filter>Source Files</Filter>
    </ClCompile>
    <ClCompile Include="detourxs.cpp">
      <Filter>Source Files</Filter>
    </ClCompile>
    <ClCompile Include="inject\GetProcAddressR.c">
      <Filter>Source Files\inject</Filter>
    </ClCompile>
    <ClCompile Include="inject\LoadLibraryR.c">
      <Filter>Source Files\inject</Filter>
    </ClCompile>
    <ClCompile Include="inject\ReflectiveLoader.c">
      <Filter>Source Files\inject</Filter>
    </ClCompile>
  </ItemGroup>
  <ItemGroup>
    <None Include="hook.def">
      <Filter>Source Files</Filter>
    </None>
  </ItemGroup>
  <ItemGroup>
    <ClInclude Include="detourxs.h">
      <Filter>Header Files</Filter>
    </ClInclude>
    <ClInclude Include="inject\GetProcAddressR.h">
      <Filter>Header Files\inject</Filter>
    </ClInclude>
    <ClInclude Include="inject\LoadLibraryR.h">
      <Filter>Header Files\inject</Filter>
    </ClInclude>
    <ClInclude Include="inject\ReflectiveDLLInjection.h">
      <Filter>Header Files\inject</Filter>
    </ClInclude>
    <ClInclude Include="inject\ReflectiveLoader.h">
      <Filter>Header Files\inject</Filter>
    </ClInclude>
  </ItemGroup>
  <ItemGroup>
    <MASM Include="LDE64.asm">
      <Filter>Source Files</Filter>
    </MASM>
    <MASM Include="LDE64x64.asm">
      <Filter>Source Files</Filter>
    </MASM>
  </ItemGroup>
</Project>